{
  "name": "pureeclat",
  "lockfileVersion": 3,
  "requires": true,
  "packages": {
    "": {
      "devDependencies": {
        "@prisma/prisma-schema-wasm": "^7.1.0-5.ab17e348034e9823a063101c707b39f4ba1e6dd4",
        "prettier": "^3.7.3"
      }
    },
    "node_modules/@prisma/prisma-schema-wasm": {
      "version": "7.1.0-5.ab17e348034e9823a063101c707b39f4ba1e6dd4",
      "resolved": "https://registry.npmjs.org/@prisma/prisma-schema-wasm/-/prisma-schema-wasm-7.1.0-5.ab17e348034e9823a063101c707b39f4ba1e6dd4.tgz",
      "integrity": "sha512-5YpjCLrDX6Y4ierH5YduAeL28ZoIo2J7A37eBjB4OhjQNVHH+ozoaPNLzsC4fEpt1RwqFNnc4QjZNKcyIlCSAw==",
      "dev": true,
      "license": "Apache-2.0"
    },
    "node_modules/prettier": {
      "version": "3.7.3",
      "resolved": "https://registry.npmjs.org/prettier/-/prettier-3.7.3.tgz",
      "integrity": "sha512-QgODejq9K3OzoBbuyobZlUhznP5SKwPqp+6Q6xw6o8gnhr4O85L2U915iM2IDcfF2NPXVaM9zlo9tdwipnYwzg==",
      "dev": true,
      "license": "MIT",
      "bin": {
        "prettier": "bin/prettier.cjs"
      },
      "engines": {
        "node": ">=14"
      },
      "funding": {
        "url": "https://github.com/prettier/prettier?sponsor=1"
      }
    }
  }
}
